
Microsoft Visual Studio Solution File, Format Version 12.00
# Visual Studio Version 17
VisualStudioVersion = 17.5.2.0
MinimumVisualStudioVersion = 10.0.40219.1
Project("{2150E333-8FDC-42A3-9474-1A3956D46DE8}") = "1", "1", "{449797D3-9F3B-7CFB-E584-21C71A569BC5}"
EndProject
Project("{FAE04EC0-301F-11D3-BF4B-00C04F79EFBC}") = "one", "1\one.csproj", "{E02430B1-C500-4DDD-8FB6-E8EDC94AD0F0}"
EndProject
Project("{2150E333-8FDC-42A3-9474-1A3956D46DE8}") = "2", "2", "{866B4B86-2725-01BA-720B-3791BFA54003}"
EndProject
Project("{FAE04EC0-301F-11D3-BF4B-00C04F79EFBC}") = "two", "2\two.csproj", "{05660878-516E-4660-8C7A-0C5A1BAA7FDE}"
EndProject
Project("{2150E333-8FDC-42A3-9474-1A3956D46DE8}") = "3", "3", "{1FAAAE86-D2AC-6F42-476C-C95ECADA8BA3}"
EndProject
Project("{FAE04EC0-301F-11D3-BF4B-00C04F79EFBC}") = "three", "3\three.csproj", "{63269E0F-DC81-4D0A-A262-D86D189E59C3}"
EndProject
Project("{2150E333-8FDC-42A3-9474-1A3956D46DE8}") = "4", "4", "{0CCA115D-9C64-4D09-68B4-C270E15919F5}"
EndProject
Project("{FAE04EC0-301F-11D3-BF4B-00C04F79EFBC}") = "four", "4\four.csproj", "{5B8F41F3-A5C0-4540-BDEB-0C9C2E50AE01}"
EndProject
Project("{2150E333-8FDC-42A3-9474-1A3956D46DE8}") = "5", "5", "{9BE8FA8C-058A-65E8-A0EC-C227E0F17A36}"
EndProject
Project("{FAE04EC0-301F-11D3-BF4B-00C04F79EFBC}") = "five", "5\five.csproj", "{D7690DA4-A673-43CE-8DA4-3061CA64ED77}"
EndProject
Project("{2150E333-8FDC-42A3-9474-1A3956D46DE8}") = "6", "6", "{60B23565-B480-25E2-60F7-72B4D1C98041}"
EndProject
Project("{FAE04EC0-301F-11D3-BF4B-00C04F79EFBC}") = "six", "6\six.csproj", "{A11ABFEF-70DB-4966-B3C7-B6FB5838241A}"
EndProject
Project("{2150E333-8FDC-42A3-9474-1A3956D46DE8}") = "7", "7", "{D479026C-CB03-80C5-7914-946047BC43F3}"
EndProject
Project("{FAE04EC0-301F-11D3-BF4B-00C04F79EFBC}") = "seven", "7\seven.csproj", "{D2BFA3B6-808E-485C-8FE7-DB82DC65F049}"
EndProject
Project("{2150E333-8FDC-42A3-9474-1A3956D46DE8}") = "8", "8", "{3672CF7B-CC8D-D2D3-AFC6-325A33316845}"
EndProject
Project("{FAE04EC0-301F-11D3-BF4B-00C04F79EFBC}") = "eight", "8\eight.csproj", "{AFF3087A-A2D0-4950-9623-7BB1C583D905}"
EndProject
Project("{2150E333-8FDC-42A3-9474-1A3956D46DE8}") = "9", "9", "{E051B06B-3FA6-B75E-2EE6-EC325D2B8949}"
EndProject
Project("{FAE04EC0-301F-11D3-BF4B-00C04F79EFBC}") = "nine", "9\nine.csproj", "{E87920E0-687C-4801-98DA-338B6B3B90B7}"
EndProject
Project("{2150E333-8FDC-42A3-9474-1A3956D46DE8}") = "10", "10", "{43248F13-1DCA-5F22-26C1-D82CF8A76A70}"
EndProject
Project("{FAE04EC0-301F-11D3-BF4B-00C04F79EFBC}") = "ten", "10\ten.csproj", "{6CC32B68-E16D-45B5-A7D6-A689611B9812}"
EndProject
Project("{2150E333-8FDC-42A3-9474-1A3956D46DE8}") = "11", "11", "{1864D61D-C755-22EE-C80E-6F847A25EF3E}"
EndProject
Project("{FAE04EC0-301F-11D3-BF4B-00C04F79EFBC}") = "eleven", "11\eleven.csproj", "{5E724261-4BC1-4E16-9BC6-FC31DD98E872}"
EndProject
Global
	GlobalSection(SolutionConfigurationPlatforms) = preSolution
		Debug|Any CPU = Debug|Any CPU
		Debug|x64 = Debug|x64
		Debug|x86 = Debug|x86
		Release|Any CPU = Release|Any CPU
		Release|x64 = Release|x64
		Release|x86 = Release|x86
	EndGlobalSection
	GlobalSection(ProjectConfigurationPlatforms) = postSolution
		{E02430B1-C500-4DDD-8FB6-E8EDC94AD0F0}.Debug|Any CPU.ActiveCfg = Debug|Any CPU
		{E02430B1-C500-4DDD-8FB6-E8EDC94AD0F0}.Debug|Any CPU.Build.0 = Debug|Any CPU
		{E02430B1-C500-4DDD-8FB6-E8EDC94AD0F0}.Debug|x64.ActiveCfg = Debug|Any CPU
		{E02430B1-C500-4DDD-8FB6-E8EDC94AD0F0}.Debug|x64.Build.0 = Debug|Any CPU
		{E02430B1-C500-4DDD-8FB6-E8EDC94AD0F0}.Debug|x86.ActiveCfg = Debug|Any CPU
		{E02430B1-C500-4DDD-8FB6-E8EDC94AD0F0}.Debug|x86.Build.0 = Debug|Any CPU
		{E02430B1-C500-4DDD-8FB6-E8EDC94AD0F0}.Release|Any CPU.ActiveCfg = Release|Any CPU
		{E02430B1-C500-4DDD-8FB6-E8EDC94AD0F0}.Release|Any CPU.Build.0 = Release|Any CPU
		{E02430B1-C500-4DDD-8FB6-E8EDC94AD0F0}.Release|x64.ActiveCfg = Release|Any CPU
		{E02430B1-C500-4DDD-8FB6-E8EDC94AD0F0}.Release|x64.Build.0 = Release|Any CPU
		{E02430B1-C500-4DDD-8FB6-E8EDC94AD0F0}.Release|x86.ActiveCfg = Release|Any CPU
		{E02430B1-C500-4DDD-8FB6-E8EDC94AD0F0}.Release|x86.Build.0 = Release|Any CPU
		{05660878-516E-4660-8C7A-0C5A1BAA7FDE}.Debug|Any CPU.ActiveCfg = Debug|Any CPU
		{05660878-516E-4660-8C7A-0C5A1BAA7FDE}.Debug|Any CPU.Build.0 = Debug|Any CPU
		{05660878-516E-4660-8C7A-0C5A1BAA7FDE}.Debug|x64.ActiveCfg = Debug|Any CPU
		{05660878-516E-4660-8C7A-0C5A1BAA7FDE}.Debug|x64.Build.0 = Debug|Any CPU
		{05660878-516E-4660-8C7A-0C5A1BAA7FDE}.Debug|x86.ActiveCfg = Debug|Any CPU
		{05660878-516E-4660-8C7A-0C5A1BAA7FDE}.Debug|x86.Build.0 = Debug|Any CPU
		{05660878-516E-4660-8C7A-0C5A1BAA7FDE}.Release|Any CPU.ActiveCfg = Release|Any CPU
		{05660878-516E-4660-8C7A-0C5A1BAA7FDE}.Release|Any CPU.Build.0 = Release|Any CPU
		{05660878-516E-4660-8C7A-0C5A1BAA7FDE}.Release|x64.ActiveCfg = Release|Any CPU
		{05660878-516E-4660-8C7A-0C5A1BAA7FDE}.Release|x64.Build.0 = Release|Any CPU
		{05660878-516E-4660-8C7A-0C5A1BAA7FDE}.Release|x86.ActiveCfg = Release|Any CPU
		{05660878-516E-4660-8C7A-0C5A1BAA7FDE}.Release|x86.Build.0 = Release|Any CPU
		{63269E0F-DC81-4D0A-A262-D86D189E59C3}.Debug|Any CPU.ActiveCfg = Debug|Any CPU
		{63269E0F-DC81-4D0A-A262-D86D189E59C3}.Debug|Any CPU.Build.0 = Debug|Any CPU
		{63269E0F-DC81-4D0A-A262-D86D189E59C3}.Debug|x64.ActiveCfg = Debug|Any CPU
		{63269E0F-DC81-4D0A-A262-D86D189E59C3}.Debug|x64.Build.0 = Debug|Any CPU
		{63269E0F-DC81-4D0A-A262-D86D189E59C3}.Debug|x86.ActiveCfg = Debug|Any CPU
		{63269E0F-DC81-4D0A-A262-D86D189E59C3}.Debug|x86.Build.0 = Debug|Any CPU
		{63269E0F-DC81-4D0A-A262-D86D189E59C3}.Release|Any CPU.ActiveCfg = Release|Any CPU
		{63269E0F-DC81-4D0A-A262-D86D189E59C3}.Release|Any CPU.Build.0 = Release|Any CPU
		{63269E0F-DC81-4D0A-A262-D86D189E59C3}.Release|x64.ActiveCfg = Release|Any CPU
		{63269E0F-DC81-4D0A-A262-D86D189E59C3}.Release|x64.Build.0 = Release|Any CPU
		{63269E0F-DC81-4D0A-A262-D86D189E59C3}.Release|x86.ActiveCfg = Release|Any CPU
		{63269E0F-DC81-4D0A-A262-D86D189E59C3}.Release|x86.Build.0 = Release|Any CPU
		{5B8F41F3-A5C0-4540-BDEB-0C9C2E50AE01}.Debug|Any CPU.ActiveCfg = Debug|Any CPU
		{5B8F41F3-A5C0-4540-BDEB-0C9C2E50AE01}.Debug|Any CPU.Build.0 = Debug|Any CPU
		{5B8F41F3-A5C0-4540-BDEB-0C9C2E50AE01}.Debug|x64.ActiveCfg = Debug|Any CPU
		{5B8F41F3-A5C0-4540-BDEB-0C9C2E50AE01}.Debug|x64.Build.0 = Debug|Any CPU
		{5B8F41F3-A5C0-4540-BDEB-0C9C2E50AE01}.Debug|x86.ActiveCfg = Debug|Any CPU
		{5B8F41F3-A5C0-4540-BDEB-0C9C2E50AE01}.Debug|x86.Build.0 = Debug|Any CPU
		{5B8F41F3-A5C0-4540-BDEB-0C9C2E50AE01}.Release|Any CPU.ActiveCfg = Release|Any CPU
		{5B8F41F3-A5C0-4540-BDEB-0C9C2E50AE01}.Release|Any CPU.Build.0 = Release|Any CPU
		{5B8F41F3-A5C0-4540-BDEB-0C9C2E50AE01}.Release|x64.ActiveCfg = Release|Any CPU
		{5B8F41F3-A5C0-4540-BDEB-0C9C2E50AE01}.Release|x64.Build.0 = Release|Any CPU
		{5B8F41F3-A5C0-4540-BDEB-0C9C2E50AE01}.Release|x86.ActiveCfg = Release|Any CPU
		{5B8F41F3-A5C0-4540-BDEB-0C9C2E50AE01}.Release|x86.Build.0 = Release|Any CPU
		{D7690DA4-A673-43CE-8DA4-3061CA64ED77}.Debug|Any CPU.ActiveCfg = Debug|Any CPU
		{D7690DA4-A673-43CE-8DA4-3061CA64ED77}.Debug|Any CPU.Build.0 = Debug|Any CPU
		{D7690DA4-A673-43CE-8DA4-3061CA64ED77}.Debug|x64.ActiveCfg = Debug|Any CPU
		{D7690DA4-A673-43CE-8DA4-3061CA64ED77}.Debug|x64.Build.0 = Debug|Any CPU
		{D7690DA4-A673-43CE-8DA4-3061CA64ED77}.Debug|x86.ActiveCfg = Debug|Any CPU
		{D7690DA4-A673-43CE-8DA4-3061CA64ED77}.Debug|x86.Build.0 = Debug|Any CPU
		{D7690DA4-A673-43CE-8DA4-3061CA64ED77}.Release|Any CPU.ActiveCfg = Release|Any CPU
		{D7690DA4-A673-43CE-8DA4-3061CA64ED77}.Release|Any CPU.Build.0 = Release|Any CPU
		{D7690DA4-A673-43CE-8DA4-3061CA64ED77}.Release|x64.ActiveCfg = Release|Any CPU
		{D7690DA4-A673-43CE-8DA4-3061CA64ED77}.Release|x64.Build.0 = Release|Any CPU
		{D7690DA4-A673-43CE-8DA4-3061CA64ED77}.Release|x86.ActiveCfg = Release|Any CPU
		{D7690DA4-A673-43CE-8DA4-3061CA64ED77}.Release|x86.Build.0 = Release|Any CPU
		{A11ABFEF-70DB-4966-B3C7-B6FB5838241A}.Debug|Any CPU.ActiveCfg = Debug|Any CPU
		{A11ABFEF-70DB-4966-B3C7-B6FB5838241A}.Debug|Any CPU.Build.0 = Debug|Any CPU
		{A11ABFEF-70DB-4966-B3C7-B6FB5838241A}.Debug|x64.ActiveCfg = Debug|Any CPU
		{A11ABFEF-70DB-4966-B3C7-B6FB5838241A}.Debug|x64.Build.0 = Debug|Any CPU
		{A11ABFEF-70DB-4966-B3C7-B6FB5838241A}.Debug|x86.ActiveCfg = Debug|Any CPU
		{A11ABFEF-70DB-4966-B3C7-B6FB5838241A}.Debug|x86.Build.0 = Debug|Any CPU
		{A11ABFEF-70DB-4966-B3C7-B6FB5838241A}.Release|Any CPU.ActiveCfg = Release|Any CPU
		{A11ABFEF-70DB-4966-B3C7-B6FB5838241A}.Release|Any CPU.Build.0 = Release|Any CPU
		{A11ABFEF-70DB-4966-B3C7-B6FB5838241A}.Release|x64.ActiveCfg = Release|Any CPU
		{A11ABFEF-70DB-4966-B3C7-B6FB5838241A}.Release|x64.Build.0 = Release|Any CPU
		{A11ABFEF-70DB-4966-B3C7-B6FB5838241A}.Release|x86.ActiveCfg = Release|Any CPU
		{A11ABFEF-70DB-4966-B3C7-B6FB5838241A}.Release|x86.Build.0 = Release|Any CPU
		{D2BFA3B6-808E-485C-8FE7-DB82DC65F049}.Debug|Any CPU.ActiveCfg = Debug|Any CPU
		{D2BFA3B6-808E-485C-8FE7-DB82DC65F049}.Debug|Any CPU.Build.0 = Debug|Any CPU
		{D2BFA3B6-808E-485C-8FE7-DB82DC65F049}.Debug|x64.ActiveCfg = Debug|Any CPU
		{D2BFA3B6-808E-485C-8FE7-DB82DC65F049}.Debug|x64.Build.0 = Debug|Any CPU
		{D2BFA3B6-808E-485C-8FE7-DB82DC65F049}.Debug|x86.ActiveCfg = Debug|Any CPU
		{D2BFA3B6-808E-485C-8FE7-DB82DC65F049}.Debug|x86.Build.0 = Debug|Any CPU
		{D2BFA3B6-808E-485C-8FE7-DB82DC65F049}.Release|Any CPU.ActiveCfg = Release|Any CPU
		{D2BFA3B6-808E-485C-8FE7-DB82DC65F049}.Release|Any CPU.Build.0 = Release|Any CPU
		{D2BFA3B6-808E-485C-8FE7-DB82DC65F049}.Release|x64.ActiveCfg = Release|Any CPU
		{D2BFA3B6-808E-485C-8FE7-DB82DC65F049}.Release|x64.Build.0 = Release|Any CPU
		{D2BFA3B6-808E-485C-8FE7-DB82DC65F049}.Release|x86.ActiveCfg = Release|Any CPU
		{D2BFA3B6-808E-485C-8FE7-DB82DC65F049}.Release|x86.Build.0 = Release|Any CPU
		{AFF3087A-A2D0-4950-9623-7BB1C583D905}.Debug|Any CPU.ActiveCfg = Debug|Any CPU
		{AFF3087A-A2D0-4950-9623-7BB1C583D905}.Debug|Any CPU.Build.0 = Debug|Any CPU
		{AFF3087A-A2D0-4950-9623-7BB1C583D905}.Debug|x64.ActiveCfg = Debug|Any CPU
		{AFF3087A-A2D0-4950-9623-7BB1C583D905}.Debug|x64.Build.0 = Debug|Any CPU
		{AFF3087A-A2D0-4950-9623-7BB1C583D905}.Debug|x86.ActiveCfg = Debug|Any CPU
		{AFF3087A-A2D0-4950-9623-7BB1C583D905}.Debug|x86.Build.0 = Debug|Any CPU
		{AFF3087A-A2D0-4950-9623-7BB1C583D905}.Release|Any CPU.ActiveCfg = Release|Any CPU
		{AFF3087A-A2D0-4950-9623-7BB1C583D905}.Release|Any CPU.Build.0 = Release|Any CPU
		{AFF3087A-A2D0-4950-9623-7BB1C583D905}.Release|x64.ActiveCfg = Release|Any CPU
		{AFF3087A-A2D0-4950-9623-7BB1C583D905}.Release|x64.Build.0 = Release|Any CPU
		{AFF3087A-A2D0-4950-9623-7BB1C583D905}.Release|x86.ActiveCfg = Release|Any CPU
		{AFF3087A-A2D0-4950-9623-7BB1C583D905}.Release|x86.Build.0 = Release|Any CPU
		{E87920E0-687C-4801-98DA-338B6B3B90B7}.Debug|Any CPU.ActiveCfg = Debug|Any CPU
		{E87920E0-687C-4801-98DA-338B6B3B90B7}.Debug|Any CPU.Build.0 = Debug|Any CPU
		{E87920E0-687C-4801-98DA-338B6B3B90B7}.Debug|x64.ActiveCfg = Debug|Any CPU
		{E87920E0-687C-4801-98DA-338B6B3B90B7}.Debug|x64.Build.0 = Debug|Any CPU
		{E87920E0-687C-4801-98DA-338B6B3B90B7}.Debug|x86.ActiveCfg = Debug|Any CPU
		{E87920E0-687C-4801-98DA-338B6B3B90B7}.Debug|x86.Build.0 = Debug|Any CPU
		{E87920E0-687C-4801-98DA-338B6B3B90B7}.Release|Any CPU.ActiveCfg = Release|Any CPU
		{E87920E0-687C-4801-98DA-338B6B3B90B7}.Release|Any CPU.Build.0 = Release|Any CPU
		{E87920E0-687C-4801-98DA-338B6B3B90B7}.Release|x64.ActiveCfg = Release|Any CPU
		{E87920E0-687C-4801-98DA-338B6B3B90B7}.Release|x64.Build.0 = Release|Any CPU
		{E87920E0-687C-4801-98DA-338B6B3B90B7}.Release|x86.ActiveCfg = Release|Any CPU
		{E87920E0-687C-4801-98DA-338B6B3B90B7}.Release|x86.Build.0 = Release|Any CPU
		{6CC32B68-E16D-45B5-A7D6-A689611B9812}.Debug|Any CPU.ActiveCfg = Debug|Any CPU
		{6CC32B68-E16D-45B5-A7D6-A689611B9812}.Debug|Any CPU.Build.0 = Debug|Any CPU
		{6CC32B68-E16D-45B5-A7D6-A689611B9812}.Debug|x64.ActiveCfg = Debug|Any CPU
		{6CC32B68-E16D-45B5-A7D6-A689611B9812}.Debug|x64.Build.0 = Debug|Any CPU
		{6CC32B68-E16D-45B5-A7D6-A689611B9812}.Debug|x86.ActiveCfg = Debug|Any CPU
		{6CC32B68-E16D-45B5-A7D6-A689611B9812}.Debug|x86.Build.0 = Debug|Any CPU
		{6CC32B68-E16D-45B5-A7D6-A689611B9812}.Release|Any CPU.ActiveCfg = Release|Any CPU
		{6CC32B68-E16D-45B5-A7D6-A689611B9812}.Release|Any CPU.Build.0 = Release|Any CPU
		{6CC32B68-E16D-45B5-A7D6-A689611B9812}.Release|x64.ActiveCfg = Release|Any CPU
		{6CC32B68-E16D-45B5-A7D6-A689611B9812}.Release|x64.Build.0 = Release|Any CPU
		{6CC32B68-E16D-45B5-A7D6-A689611B9812}.Release|x86.ActiveCfg = Release|Any CPU
		{6CC32B68-E16D-45B5-A7D6-A689611B9812}.Release|x86.Build.0 = Release|Any CPU
		{5E724261-4BC1-4E16-9BC6-FC31DD98E872}.Debug|Any CPU.ActiveCfg = Debug|Any CPU
		{5E724261-4BC1-4E16-9BC6-FC31DD98E872}.Debug|Any CPU.Build.0 = Debug|Any CPU
		{5E724261-4BC1-4E16-9BC6-FC31DD98E872}.Debug|x64.ActiveCfg = Debug|Any CPU
		{5E724261-4BC1-4E16-9BC6-FC31DD98E872}.Debug|x64.Build.0 = Debug|Any CPU
		{5E724261-4BC1-4E16-9BC6-FC31DD98E872}.Debug|x86.ActiveCfg = Debug|Any CPU
		{5E724261-4BC1-4E16-9BC6-FC31DD98E872}.Debug|x86.Build.0 = Debug|Any CPU
		{5E724261-4BC1-4E16-9BC6-FC31DD98E872}.Release|Any CPU.ActiveCfg = Release|Any CPU
		{5E724261-4BC1-4E16-9BC6-FC31DD98E872}.Release|Any CPU.Build.0 = Release|Any CPU
		{5E724261-4BC1-4E16-9BC6-FC31DD98E872}.Release|x64.ActiveCfg = Release|Any CPU
		{5E724261-4BC1-4E16-9BC6-FC31DD98E872}.Release|x64.Build.0 = Release|Any CPU
		{5E724261-4BC1-4E16-9BC6-FC31DD98E872}.Release|x86.ActiveCfg = Release|Any CPU
		{5E724261-4BC1-4E16-9BC6-FC31DD98E872}.Release|x86.Build.0 = Release|Any CPU
	EndGlobalSection
	GlobalSection(SolutionProperties) = preSolution
		HideSolutionNode = FALSE
	EndGlobalSection
	GlobalSection(NestedProjects) = preSolution
		{E02430B1-C500-4DDD-8FB6-E8EDC94AD0F0} = {449797D3-9F3B-7CFB-E584-21C71A569BC5}
		{05660878-516E-4660-8C7A-0C5A1BAA7FDE} = {866B4B86-2725-01BA-720B-3791BFA54003}
		{63269E0F-DC81-4D0A-A262-D86D189E59C3} = {1FAAAE86-D2AC-6F42-476C-C95ECADA8BA3}
		{5B8F41F3-A5C0-4540-BDEB-0C9C2E50AE01} = {0CCA115D-9C64-4D09-68B4-C270E15919F5}
		{D7690DA4-A673-43CE-8DA4-3061CA64ED77} = {9BE8FA8C-058A-65E8-A0EC-C227E0F17A36}
		{A11ABFEF-70DB-4966-B3C7-B6FB5838241A} = {60B23565-B480-25E2-60F7-72B4D1C98041}
		{D2BFA3B6-808E-485C-8FE7-DB82DC65F049} = {D479026C-CB03-80C5-7914-946047BC43F3}
		{AFF3087A-A2D0-4950-9623-7BB1C583D905} = {3672CF7B-CC8D-D2D3-AFC6-325A33316845}
		{E87920E0-687C-4801-98DA-338B6B3B90B7} = {E051B06B-3FA6-B75E-2EE6-EC325D2B8949}
		{6CC32B68-E16D-45B5-A7D6-A689611B9812} = {43248F13-1DCA-5F22-26C1-D82CF8A76A70}
		{5E724261-4BC1-4E16-9BC6-FC31DD98E872} = {1864D61D-C755-22EE-C80E-6F847A25EF3E}
	EndGlobalSection
	GlobalSection(ExtensibilityGlobals) = postSolution
		SolutionGuid = {6C8275DD-E06D-4A58-B9F8-C095B9007E65}
	EndGlobalSection
EndGlobal
